# THIS IS AN AUTOGENERATED FILE. DO NOT EDIT THIS FILE DIRECTLY.
# yarn lockfile v1


"@assemblyscript/loader@^0.19.1":
  version "0.19.1"
  resolved "https://registry.yarnpkg.com/@assemblyscript/loader/-/loader-0.19.1.tgz#77d6146dab121eb955df8f5dbe618cca400ff22c"
  integrity sha512-3vpqYxOY7o8SNj2riGNF3wSZsqWippWTs7YwyTPPyxvjbrT1ZJnMMoGm4HSpbZ0QmKphzsaM4trR+BtxLFynDA==

"@msgpack/msgpack@^2.7.0":
  version "2.7.0"
  resolved "https://registry.yarnpkg.com/@msgpack/msgpack/-/msgpack-2.7.0.tgz#3a0fbe4e0406f6576895f990857e19da97376f18"
  integrity sha512-mlRYq9FSsOd4m+3wZWatemn3hGFZPWNJ4JQOdrir4rrMK2PyIk26idKBoUWrqF3HJJHl+5GpRU+M0wEruJwecg==

"@wapc/as-msgpack@^0.1.12":
  version "0.1.12"
  resolved "https://registry.yarnpkg.com/@wapc/as-msgpack/-/as-msgpack-0.1.12.tgz#a013443b8f7b76b0fac7b79b9c1f6c3c8fa5a032"
  integrity sha512-W8n18/NSa+HhC/NWZNz6rULBNaG2i0XsjCWxZhiC1EWRYpWqv18rBtTPQD/qOACUL1coLSGGKR1z8Rule15a8Q==

assemblyscript@^0.19.1:
  version "0.19.1"
  resolved "https://registry.yarnpkg.com/assemblyscript/-/assemblyscript-0.19.1.tgz#8d52332b7cef88e03d15b633e70c5febddd1f444"
  integrity sha512-unWcmJsw5H0H2GrTf25GlDJCaNzAveeFYPH5XhP54m540+26KJIurTEHN+xf/EI3MdK7IhThpGCE+pNqiNuLmA==
  dependencies:
    binaryen "101.0.0-nightly.20210527"
    long "^4.0.0"

binaryen@101.0.0-nightly.20210527:
  version "101.0.0-nightly.20210527"
  resolved "https://registry.yarnpkg.com/binaryen/-/binaryen-101.0.0-nightly.20210527.tgz#7677155efc965e0276dd206ed30f2d9e216ed6e2"
  integrity sha512-dbKentJwA6H0LfI+pRuzNNzAooJwYFNrg1L8rRw8j6rlfkU815ytNLO+uDzGNcltYehUa5ERZFJHPIdqX12n0w==

long@^4.0.0:
  version "4.0.0"
  resolved "https://registry.yarnpkg.com/long/-/long-4.0.0.tgz#9a7b71cfb7d361a194ea555241c92f7468d5bf28"
  integrity sha512-XsP+KhQif4bjX1kbuSiySJFNAehNxgLb6hPRGJ9QsUr8ajHkuXGdrHmFUTUUXhDwVX2R5bY4JNZEwbUiMhV+MA==
